<?xml version="1.0" encoding="utf-8"?>
<Project ToolsVersion="4.0" xmlns="http://schemas.microsoft.com/developer/msbuild/2003">
  <ItemGroup>
    <Filter Include="Source Files">
      <UniqueIdentifier>{4FC737F1-C7A5-4376-A066-2A32D752A2FF}</UniqueIdentifier>
      <Extensions>cpp;c;cc;cxx;c++;cppm;ixx;def;odl;idl;hpj;bat;asm;asmx</Extensions>
    </Filter>
    <Filter Include="Header Files">
      <UniqueIdentifier>{93995380-89BD-4b04-88EB-625FBE52EBFB}</UniqueIdentifier>
      <Extensions>h;hh;hpp;hxx;h++;hm;inl;inc;ipp;xsd</Extensions>
    </Filter>
    <Filter Include="Resource Files">
      <UniqueIdentifier>{67DA6AB6-F800-4c08-8B7A-83BB121AAD01}</UniqueIdentifier>
      <Extensions>rc;ico;cur;bmp;dlg;rc2;rct;bin;rgs;gif;jpg;jpeg;jpe;resx;tiff;tif;png;wav;mfcribbon-ms</Extensions>
    </Filter>
    <Filter Include="Header Files\Debugger">
      <UniqueIdentifier>{a5d9b8af-93dc-4cd6-99fe-4c9ff7acc68c}</UniqueIdentifier>
    </Filter>
    <Filter Include="Header Files\Engine">
      <UniqueIdentifier>{fb06bbc5-72cb-47f2-9814-90f0841e9be2}</UniqueIdentifier>
    </Filter>
    <Filter Include="Header Files\Maths">
      <UniqueIdentifier>{f7ce00d7-febc-498a-b693-fa98943fab45}</UniqueIdentifier>
    </Filter>
    <Filter Include="Header Files\Precompiled">
      <UniqueIdentifier>{50983619-f586-49c9-85db-4f510a02d89a}</UniqueIdentifier>
    </Filter>
    <Filter Include="Header Files\Serialisation">
      <UniqueIdentifier>{22bf1484-1b68-41e8-83ea-2f006f70835f}</UniqueIdentifier>
    </Filter>
    <Filter Include="Header Files\Systems">
      <UniqueIdentifier>{b12b5337-27ba-45c2-8cda-5d7e477bf0d1}</UniqueIdentifier>
    </Filter>
    <Filter Include="Header Files\Utilities">
      <UniqueIdentifier>{f442e138-41fc-4148-81c1-871722f6eef8}</UniqueIdentifier>
    </Filter>
    <Filter Include="Header Files\Window">
      <UniqueIdentifier>{e023f2b1-98c6-42fc-8404-dcf48bc59290}</UniqueIdentifier>
    </Filter>
    <Filter Include="Header Files\Systems\AssetManager">
      <UniqueIdentifier>{aa863714-47b7-4f98-9c40-07f3629b160d}</UniqueIdentifier>
    </Filter>
    <Filter Include="Header Files\Systems\ECS">
      <UniqueIdentifier>{4d363e27-1df5-44ac-a789-7b9d2eb3df85}</UniqueIdentifier>
    </Filter>
    <Filter Include="Header Files\Systems\Graphics">
      <UniqueIdentifier>{f542add3-2ac8-4dfb-aced-2f32ad1e30a6}</UniqueIdentifier>
    </Filter>
    <Filter Include="Header Files\Systems\ECS\ECSComponent">
      <UniqueIdentifier>{7965d3bd-e697-4fe9-8d81-5c8e4d225948}</UniqueIdentifier>
    </Filter>
    <Filter Include="Header Files\Systems\ECS\ECSEntity">
      <UniqueIdentifier>{a06dd0fa-a66a-4391-98ee-7b4a49d74c0f}</UniqueIdentifier>
    </Filter>
    <Filter Include="Header Files\Systems\ECS\ECSTracker">
      <UniqueIdentifier>{f1313c5b-7ae2-4249-bc57-34bba4df6a2d}</UniqueIdentifier>
    </Filter>
    <Filter Include="Header Files\Utilities\Random">
      <UniqueIdentifier>{647dac23-962c-4f0b-af49-b485cd93c2c8}</UniqueIdentifier>
    </Filter>
    <Filter Include="Header Files\Utilities\Singleton">
      <UniqueIdentifier>{f1c4334a-b1d4-4119-a85f-64493c8fefa8}</UniqueIdentifier>
    </Filter>
    <Filter Include="Header Files\Utilities\UUID">
      <UniqueIdentifier>{7212deb6-d5d8-4572-822b-76843ff368cf}</UniqueIdentifier>
    </Filter>
    <Filter Include="Source Files\Debugger">
      <UniqueIdentifier>{7c797650-48c2-4eb3-ace4-04061f3ab29b}</UniqueIdentifier>
    </Filter>
    <Filter Include="Source Files\Engine">
      <UniqueIdentifier>{b87078c7-51fc-4b3c-b4c3-100c34b22e1c}</UniqueIdentifier>
    </Filter>
    <Filter Include="Source Files\Maths">
      <UniqueIdentifier>{35e2b661-cbca-4e3e-b6b9-a5e0d5be9f18}</UniqueIdentifier>
    </Filter>
    <Filter Include="Source Files\Precompiled">
      <UniqueIdentifier>{32698dad-5c8d-4038-9be0-d9133c36bf51}</UniqueIdentifier>
    </Filter>
    <Filter Include="Source Files\Serialisation">
      <UniqueIdentifier>{47fa6ca2-6735-47ab-84e1-eeb99058a344}</UniqueIdentifier>
    </Filter>
    <Filter Include="Source Files\Systems">
      <UniqueIdentifier>{b710aa34-c486-42e9-ad20-d55e27de6eac}</UniqueIdentifier>
    </Filter>
    <Filter Include="Source Files\Utilities">
      <UniqueIdentifier>{4c22ccd1-db2f-43c3-b444-444bf59776f3}</UniqueIdentifier>
    </Filter>
    <Filter Include="Source Files\Window">
      <UniqueIdentifier>{ac0ec45e-f259-4b57-8608-fdff54279b6a}</UniqueIdentifier>
    </Filter>
    <Filter Include="Source Files\Systems\AssetManager">
      <UniqueIdentifier>{832262aa-fa3d-47a5-9e9d-6b18bd0a5842}</UniqueIdentifier>
    </Filter>
    <Filter Include="Source Files\Systems\ECS">
      <UniqueIdentifier>{dacf1e20-0777-49e2-98c0-67a683a0eda2}</UniqueIdentifier>
    </Filter>
    <Filter Include="Source Files\Systems\Graphics">
      <UniqueIdentifier>{49a63099-a79c-45c7-979a-81eca0629d86}</UniqueIdentifier>
    </Filter>
    <Filter Include="Source Files\Utilities\Random">
      <UniqueIdentifier>{f9553e07-f1dd-4561-ad5e-bb1708e6a727}</UniqueIdentifier>
    </Filter>
    <Filter Include="Source Files\Utilities\Singleton">
      <UniqueIdentifier>{09c33f5e-24b4-468b-b59a-38f663b65da6}</UniqueIdentifier>
    </Filter>
    <Filter Include="Source Files\Utilities\UUID">
      <UniqueIdentifier>{8b9fbd95-087d-4acc-8ccb-f64b8f129ad3}</UniqueIdentifier>
    </Filter>
    <Filter Include="Source Files\Systems\ECS\ECSComponent">
      <UniqueIdentifier>{dda72455-daae-4f30-a11b-71f3b1289359}</UniqueIdentifier>
    </Filter>
    <Filter Include="Source Files\Systems\ECS\ECSEntity">
      <UniqueIdentifier>{4c8a764b-7024-4183-8304-54502e7c6a91}</UniqueIdentifier>
    </Filter>
    <Filter Include="Source Files\Systems\ECS\ECSTracker">
      <UniqueIdentifier>{c02585fc-2a3f-4fa7-a042-5526c9aae6e9}</UniqueIdentifier>
    </Filter>
    <Filter Include="Header Files\Systems\Graphics\Helper">
      <UniqueIdentifier>{cc8a59e1-90da-47de-a155-9105e3dd768c}</UniqueIdentifier>
    </Filter>
    <Filter Include="Header Files\Systems\Graphics\Pipeline">
      <UniqueIdentifier>{152019ab-5664-4224-b792-99b0ece5a0b5}</UniqueIdentifier>
    </Filter>
    <Filter Include="Header Files\Components">
      <UniqueIdentifier>{d095d97a-1a4f-486a-b29e-92094e31a124}</UniqueIdentifier>
    </Filter>
    <Filter Include="Header Files\AssetTypes">
      <UniqueIdentifier>{f699229a-7231-4e7c-aae6-b663c43487e9}</UniqueIdentifier>
    </Filter>
    <Filter Include="Source Files\Components">
      <UniqueIdentifier>{96b7f347-32da-4759-ae2e-af42c346caec}</UniqueIdentifier>
    </Filter>
  </ItemGroup>
  <ItemGroup>
    <ClCompile Include="EngineCodes\Debugger\Debugger.cpp">
      <Filter>Source Files\Debugger</Filter>
    </ClCompile>
    <ClCompile Include="EngineCodes\Systems\ECS\ECSTracker\ECSTracker.cpp">
      <Filter>Source Files\Systems\ECS\ECSTracker</Filter>
    </ClCompile>
    <ClCompile Include="EngineCodes\Systems\ECS\ECSTracker\ECSTrackerMgr.cpp">
      <Filter>Source Files\Systems\ECS\ECSTracker</Filter>
    </ClCompile>
    <ClCompile Include="EngineCodes\Systems\ECS\ECSEntity\ECSEntityMgr.cpp">
      <Filter>Source Files\Systems\ECS\ECSEntity</Filter>
    </ClCompile>
    <ClCompile Include="EngineCodes\Systems\ECS\ECSComponent\ECSComponentMgr.cpp">
      <Filter>Source Files\Systems\ECS\ECSComponent</Filter>
    </ClCompile>
    <ClCompile Include="EngineCodes\Systems\ECS\ECS.cpp">
      <Filter>Source Files</Filter>
    </ClCompile>
    <ClCompile Include="EngineCodes\Utilities\Random\Random.cpp">
      <Filter>Source Files\Utilities\Random</Filter>
    </ClCompile>
    <ClCompile Include="EngineCodes\Utilities\BEID\BEID.cpp">
      <Filter>Source Files\Utilities\UUID</Filter>
    </ClCompile>
    <ClCompile Include="EngineCodes\Precompiled\pch.cpp">
      <Filter>Source Files\Precompiled</Filter>
    </ClCompile>
    <ClCompile Include="EngineCodes\Components\EntityInfo.cpp">
      <Filter>Source Files\Components</Filter>
    </ClCompile>
    <ClCompile Include="EngineCodes\Components\Transform.cpp">
      <Filter>Source Files\Components</Filter>
    </ClCompile>
    <ClCompile Include="EngineCodes\Systems\ECS\ECS.cpp">
      <Filter>Source Files\Systems\ECS</Filter>
    </ClCompile>
    <ClCompile Include="EngineCodes\Engine\GameEngine.cpp">
      <Filter>Source Files\Engine</Filter>
    </ClCompile>
    <ClCompile Include="EngineCodes\Serialisation\BananaSerialisation.cpp">
      <Filter>Source Files</Filter>
    </ClCompile>
    <ClCompile Include="EngineCodes\Components\AudioSource.cpp">
      <Filter>Source Files</Filter>
    </ClCompile>
    <ClCompile Include="EngineCodes\AssetManager\AssetTypes\AudioClip.cpp">
      <Filter>Source Files</Filter>
    </ClCompile>
    <ClCompile Include="EngineCodes\AssetManager\AssetManager.cpp">
      <Filter>Source Files\Systems\AssetManager</Filter>
    </ClCompile>
    <ClCompile Include="EngineCodes\Systems\ECS\ECSTracker\ECSTrackerMgr.cpp">
      <Filter>Source Files</Filter>
    </ClCompile>
    <ClCompile Include="EngineCodes\Systems\SceneManager\Scene.cpp">
      <Filter>Source Files</Filter>
    </ClCompile>
    <ClCompile Include="EngineCodes\Systems\SceneManager\SceneManager.cpp">
      <Filter>Source Files</Filter>
    </ClCompile>
    <ClCompile Include="EngineCodes\Utilities\Utility.cpp">
      <Filter>Source Files</Filter>
    </ClCompile>
    <ClCompile Include="EngineCodes\EventDispatcher\EventDispatcher.cpp">
      <Filter>Source Files</Filter>
    </ClCompile>
    <ClCompile Include="EngineCodes\Systems\GLFWSystem\GLFWSystem.cpp">
      <Filter>Source Files</Filter>
    </ClCompile>
    <ClCompile Include="EngineCodes\Systems\InputSystem\InputSystem.cpp">
      <Filter>Source Files</Filter>
    </ClCompile>
    <ClCompile Include="EngineCodes\Components\RenderObject.cpp">
      <Filter>Source Files</Filter>
    </ClCompile>
    <ClCompile Include="EngineCodes\Systems\Graphics\GraphicsSystem.cpp">
      <Filter>Source Files</Filter>
    </ClCompile>
    <ClCompile Include="EngineCodes\Systems\Graphics\VukInit.cpp">
      <Filter>Source Files</Filter>
    </ClCompile>
    <ClCompile Include="EngineCodes\Systems\Graphics\Textures.cpp">
      <Filter>Source Files</Filter>
    </ClCompile>
    <ClCompile Include="EngineCodes\Systems\Graphics\Camera.cpp">
      <Filter>Source Files</Filter>
    </ClCompile>
  </ItemGroup>
  <ItemGroup>
    <ClInclude Include="EngineCodes\BananaEngine.h">
      <Filter>Header Files</Filter>
    </ClInclude>
    <ClInclude Include="EngineCodes\Debugger\Debugger.hpp">
      <Filter>Header Files\Debugger</Filter>
    </ClInclude>
    <ClInclude Include="EngineCodes\Debugger\Debugger.h">
      <Filter>Header Files\Debugger</Filter>
    </ClInclude>
    <ClInclude Include="EngineCodes\Engine\GameEngine.hpp">
      <Filter>Header Files\Engine</Filter>
    </ClInclude>
    <ClInclude Include="EngineCodes\Engine\GameEngine.h">
      <Filter>Header Files\Engine</Filter>
    </ClInclude>
    <ClInclude Include="EngineCodes\Maths\MathLib.h">
      <Filter>Header Files\Maths</Filter>
    </ClInclude>
    <ClInclude Include="EngineCodes\Maths\MathLib.hpp">
      <Filter>Header Files\Maths</Filter>
    </ClInclude>
    <ClInclude Include="EngineCodes\Maths\Matrix3D.h">
      <Filter>Header Files\Maths</Filter>
    </ClInclude>
    <ClInclude Include="EngineCodes\Maths\Matrix3D.hpp">
      <Filter>Header Files\Maths</Filter>
    </ClInclude>
    <ClInclude Include="EngineCodes\Maths\Quaternion.h">
      <Filter>Header Files\Maths</Filter>
    </ClInclude>
    <ClInclude Include="EngineCodes\Maths\Quaternion.hpp">
      <Filter>Header Files\Maths</Filter>
    </ClInclude>
    <ClInclude Include="EngineCodes\Maths\Vector3D.h">
      <Filter>Header Files\Maths</Filter>
    </ClInclude>
    <ClInclude Include="EngineCodes\Maths\Vector3D.hpp">
      <Filter>Header Files\Maths</Filter>
    </ClInclude>
    <ClInclude Include="EngineCodes\Precompiled\pch.h">
      <Filter>Header Files\Precompiled</Filter>
    </ClInclude>
    <ClInclude Include="EngineCodes\Systems\ECS\ECSConfig.h">
      <Filter>Header Files\Systems\ECS</Filter>
    </ClInclude>
    <ClInclude Include="EngineCodes\Systems\ECS\ECSComponent\ECSComponentArray.h">
      <Filter>Header Files\Systems\ECS\ECSComponent</Filter>
    </ClInclude>
    <ClInclude Include="EngineCodes\Systems\ECS\ECSComponent\ECSComponentArray.hpp">
      <Filter>Header Files\Systems\ECS\ECSComponent</Filter>
    </ClInclude>
    <ClInclude Include="EngineCodes\Systems\ECS\ECSComponent\ECSComponentMgr.h">
      <Filter>Header Files\Systems\ECS\ECSComponent</Filter>
    </ClInclude>
    <ClInclude Include="EngineCodes\Systems\ECS\ECSComponent\ECSComponentMgr.hpp">
      <Filter>Header Files\Systems\ECS\ECSComponent</Filter>
    </ClInclude>
    <ClInclude Include="EngineCodes\Systems\ECS\ECSEntity\ECSEntityMgr.h">
      <Filter>Header Files\Systems\ECS\ECSEntity</Filter>
    </ClInclude>
    <ClInclude Include="EngineCodes\Systems\ECS\ECSTracker\ECSTracker.h">
      <Filter>Header Files\Systems\ECS\ECSTracker</Filter>
    </ClInclude>
    <ClInclude Include="EngineCodes\Systems\ECS\ECSTracker\ECSTrackerMgr.h">
      <Filter>Header Files\Systems\ECS\ECSTracker</Filter>
    </ClInclude>
    <ClInclude Include="EngineCodes\Systems\ECS\ECS.h">
      <Filter>Header Files</Filter>
    </ClInclude>
    <ClInclude Include="EngineCodes\Systems\ECS\ECS.hpp">
      <Filter>Header Files</Filter>
    </ClInclude>
    <ClInclude Include="EngineCodes\Systems\ISystem.h">
      <Filter>Header Files\Systems</Filter>
    </ClInclude>
    <ClInclude Include="EngineCodes\Systems\AllSystems.h">
      <Filter>Header Files\Systems</Filter>
    </ClInclude>
    <ClInclude Include="EngineCodes\Utilities\Utility.h">
      <Filter>Header Files\Utilities</Filter>
    </ClInclude>
    <ClInclude Include="EngineCodes\Utilities\Random\Random.h">
      <Filter>Header Files\Utilities\Random</Filter>
    </ClInclude>
    <ClInclude Include="EngineCodes\Systems\AssetManager\AssetData.h">
      <Filter>Header Files</Filter>
    </ClInclude>
    <ClInclude Include="EngineCodes\Systems\AssetManager\AssetData.hpp">
      <Filter>Header Files</Filter>
    </ClInclude>
    <ClInclude Include="EngineCodes\Systems\AssetManager\AssetManager.h">
      <Filter>Header Files</Filter>
    </ClInclude>
    <ClInclude Include="EngineCodes\Systems\AssetManager\AssetManager.hpp">
      <Filter>Header Files</Filter>
    </ClInclude>
    <ClInclude Include="EngineCodes\Components\Transform.h">
      <Filter>Header Files\Components</Filter>
    </ClInclude>
    <ClInclude Include="EngineCodes\Components\EntityInfo.h">
      <Filter>Header Files\Components</Filter>
    </ClInclude>
    <ClInclude Include="EngineCodes\Components\ECSComponent.h">
      <Filter>Header Files\Components</Filter>
    </ClInclude>
    <ClInclude Include="EngineCodes\Systems\ECS\ECSTracker\ECSTrackerMgr.hpp">
      <Filter>Header Files\Systems\ECS\ECSTracker</Filter>
    </ClInclude>
    <ClInclude Include="EngineCodes\Systems\ECS\ECS.hpp">
      <Filter>Header Files\Systems\ECS</Filter>
    </ClInclude>
    <ClInclude Include="EngineCodes\Systems\ECS\ECS.h">
      <Filter>Header Files\Systems\ECS</Filter>
    </ClInclude>
    <ClInclude Include="EngineCodes\Utilities\Random\Random.hpp">
      <Filter>Header Files\Utilities\Random</Filter>
    </ClInclude>
    <ClInclude Include="EngineCodes\Utilities\Singleton\Singleton.hpp">
      <Filter>Header Files\Utilities\Singleton</Filter>
    </ClInclude>
    <ClInclude Include="EngineCodes\Utilities\Singleton\Singleton.h">
      <Filter>Header Files\Utilities\Singleton</Filter>
    </ClInclude>
    <ClInclude Include="EngineCodes\Utilities\BEID\BEID.h">
      <Filter>Header Files\Utilities\UUID</Filter>
    </ClInclude>
    <ClInclude Include="EngineCodes\AssetTypes\TestFile.h">
      <Filter>Header Files</Filter>
    </ClInclude>
    <ClInclude Include="EngineCodes\Serialisation\BananaSerialisation.h">
      <Filter>Header Files</Filter>
    </ClInclude>
    <ClInclude Include="EngineCodes\AssetTypes\AudioClip.h">
      <Filter>Header Files</Filter>
    </ClInclude>
    <ClInclude Include="EngineCodes\Components\AudioSource.h">
      <Filter>Header Files</Filter>
    </ClInclude>
    <ClInclude Include="EngineCodes\Components\AudioListener.h">
      <Filter>Header Files</Filter>
    </ClInclude>
    <ClInclude Include="EngineCodes\Events\Events.h">
      <Filter>Header Files</Filter>
    </ClInclude>
    <ClInclude Include="EngineCodes\Systems\SceneManager\Scene.h">
      <Filter>Header Files</Filter>
    </ClInclude>
    <ClInclude Include="EngineCodes\Systems\SceneManager\SceneManager.h">
      <Filter>Header Files</Filter>
    </ClInclude>
    <ClInclude Include="EngineCodes\EventDispatcher\EventDispatcher.h">
      <Filter>Header Files</Filter>
    </ClInclude>
    <ClInclude Include="EngineCodes\AssetManager\AssetManager.hpp">
      <Filter>Header Files</Filter>
    </ClInclude>
    <ClInclude Include="EngineCodes\AssetManager\AssetManager.h">
      <Filter>Header Files</Filter>
    </ClInclude>
    <ClInclude Include="EngineCodes\AssetManager\AssetData.hpp">
      <Filter>Header Files</Filter>
    </ClInclude>
    <ClInclude Include="EngineCodes\AssetManager\AssetData.h">
      <Filter>Header Files</Filter>
    </ClInclude>
    <ClInclude Include="EngineCodes\AssetManager\AssetTypes\AudioClip.h">
      <Filter>Header Files</Filter>
    </ClInclude>
    <ClInclude Include="EngineCodes\AssetManager\AssetTypes\TestFile.h">
      <Filter>Header Files</Filter>
    </ClInclude>
    <ClInclude Include="EngineCodes\EventDispatcher\Events.h">
      <Filter>Header Files</Filter>
    </ClInclude>
    <ClInclude Include="EngineCodes\EventDispatcher\EventDispatcher.hpp">
      <Filter>Header Files</Filter>
    </ClInclude>
    <ClInclude Include="EngineCodes\Systems\GLFWSystem\GLFWSystem.h">
      <Filter>Header Files</Filter>
    </ClInclude>
    <ClInclude Include="EngineCodes\Systems\InputSystem\InputSystem.h">
      <Filter>Header Files</Filter>
    </ClInclude>
    <ClInclude Include="EngineCodes\Components\RenderObject.h">
      <Filter>Header Files</Filter>
    </ClInclude>
    <ClInclude Include="EngineCodes\Systems\Graphics\GraphicsSystem.h">
      <Filter>Header Files</Filter>
    </ClInclude>
    <ClInclude Include="EngineCodes\Systems\Graphics\VukInit.h">
      <Filter>Header Files</Filter>
    </ClInclude>
    <ClInclude Include="EngineCodes\Systems\Graphics\Textures.h">
      <Filter>Header Files</Filter>
    </ClInclude>
    <ClInclude Include="EngineCodes\Systems\Graphics\Camera.h">
      <Filter>Header Files</Filter>
    </ClInclude>
  </ItemGroup>
  <ItemGroup>
    <None Include="cpp.hint" />
  </ItemGroup>
</Project>